
Microsoft Visual Studio Solution File, Format Version 12.00
# Visual Studio Version 17
VisualStudioVersion = 17.11.35327.3
MinimumVisualStudioVersion = 10.0.40219.1
Project("{FAE04EC0-301F-11D3-BF4B-00C04F79EFBC}") = "HelloGit", "HelloGit\HelloGit.csproj", "{91687464-E66C-4108-A208-BEF5FDA6B400}"
EndProject
Global
	GlobalSection(SolutionConfigurationPlatforms) = preSolution
		Debug|Any CPU = Debug|Any CPU
		Release|Any CPU = Release|Any CPU
	EndGlobalSection
	GlobalSection(ProjectConfigurationPlatforms) = postSolution
		{91687464-E66C-4108-A208-BEF5FDA6B400}.Debug|Any CPU.ActiveCfg = Debug|Any CPU
		{91687464-E66C-4108-A208-BEF5FDA6B400}.Debug|Any CPU.Build.0 = Debug|Any CPU
		{91687464-E66C-4108-A208-BEF5FDA6B400}.Release|Any CPU.ActiveCfg = Release|Any CPU
		{91687464-E66C-4108-A208-BEF5FDA6B400}.Release|Any CPU.Build.0 = Release|Any CPU
	EndGlobalSection
	GlobalSection(SolutionProperties) = preSolution
		HideSolutionNode = FALSE
	EndGlobalSection
	GlobalSection(ExtensibilityGlobals) = postSolution
		SolutionGuid = {7D73C8E4-A0C2-46E4-8B55-35EBF0CD2739}
	EndGlobalSection
EndGlobal
